%{"fs": {:hex, :fs, "0.9.2", "ed17036c26c3f70ac49781ed9220a50c36775c6ca2cf8182d123b6566e49ec59", [:rebar], []},
  "mix_test_watch": {:hex, :mix_test_watch, "0.2.6", "9fcc2b1b89d1594c4a8300959c19d50da2f0ff13642c8f681692a6e507f92cab", [:mix], [{:fs, "~> 0.9.1", [hex: :fs, optional: false]}]},
  "phoenix": {:hex, :phoenix, "1.1.4", "65809fba92eb94377372a5fb5a561197654bb8406e773cc47ca1a031bbe58019", [:mix], [{:poison, "~> 1.5 or ~> 2.0", [hex: :poison, optional: false]}, {:plug, "~> 1.0", [hex: :plug, optional: false]}, {:cowboy, "~> 1.0", [hex: :cowboy, optional: true]}]},
  "plug": {:hex, :plug, "1.1.4", "2eee0e85ad420db96e075b3191d3764d6fff61422b101dc5b02e9cce99cacfc7", [:mix], [{:cowboy, "~> 1.0", [hex: :cowboy, optional: true]}]},
  "poison": {:hex, :poison, "2.1.0", "f583218ced822675e484648fa26c933d621373f01c6c76bd00005d7bd4b82e27", [:mix], []}}
